// !$*UTF8*$!
{
	archiveVersion = 1;
	classes = {
	};
	objectVersion = 50;
	objects = {

/* Begin PBXBuildFile section */
		CD6EA1122367C49B00181D7A /* AppDelegate.swift in Sources */ = {isa = PBXBuildFile; fileRef = CD6EA1112367C49B00181D7A /* AppDelegate.swift */; };
		CD6EA1142367C49B00181D7A /* art.scnassets in Resources */ = {isa = PBXBuildFile; fileRef = CD6EA1132367C49B00181D7A /* art.scnassets */; };
		CD6EA1162367C49B00181D7A /* ViewController.swift in Sources */ = {isa = PBXBuildFile; fileRef = CD6EA1152367C49B00181D7A /* ViewController.swift */; };
		CD6EA1192367C49B00181D7A /* Main.storyboard in Resources */ = {isa = PBXBuildFile; fileRef = CD6EA1172367C49B00181D7A /* Main.storyboard */; };
		CD6EA11B2367C49D00181D7A /* Assets.xcassets in Resources */ = {isa = PBXBuildFile; fileRef = CD6EA11A2367C49D00181D7A /* Assets.xcassets */; };
		CD6EA11E2367C49D00181D7A /* LaunchScreen.storyboard in Resources */ = {isa = PBXBuildFile; fileRef = CD6EA11C2367C49D00181D7A /* LaunchScreen.storyboard */; };
		CD6EA1262367C62D00181D7A /* StringTracker.swift in Sources */ = {isa = PBXBuildFile; fileRef = CD6EA1252367C62D00181D7A /* StringTracker.swift */; };
		CD6EA1282367C67700181D7A /* Character+Similar.swift in Sources */ = {isa = PBXBuildFile; fileRef = CD6EA1272367C67700181D7A /* Character+Similar.swift */; };
		CD6EA12A2367C70F00181D7A /* String+GiftCard.swift in Sources */ = {isa = PBXBuildFile; fileRef = CD6EA1292367C70F00181D7A /* String+GiftCard.swift */; };
/* End PBXBuildFile section */

/* Begin PBXFileReference section */
		CD6EA10E2367C49B00181D7A /* GiftCardReader.app */ = {isa = PBXFileReference; explicitFileType = wrapper.application; includeInIndex = 0; path = GiftCardReader.app; sourceTree = BUILT_PRODUCTS_DIR; };
		CD6EA1112367C49B00181D7A /* AppDelegate.swift */ = {isa = PBXFileReference; lastKnownFileType = sourcecode.swift; path = AppDelegate.swift; sourceTree = "<group>"; };
		CD6EA1132367C49B00181D7A /* art.scnassets */ = {isa = PBXFileReference; lastKnownFileType = wrapper.scnassets; path = art.scnassets; sourceTree = "<group>"; };
		CD6EA1152367C49B00181D7A /* ViewController.swift */ = {isa = PBXFileReference; lastKnownFileType = sourcecode.swift; path = ViewController.swift; sourceTree = "<group>"; };
		CD6EA1182367C49B00181D7A /* Base */ = {isa = PBXFileReference; lastKnownFileType = file.storyboard; name = Base; path = Base.lproj/Main.storyboard; sourceTree = "<group>"; };
		CD6EA11A2367C49D00181D7A /* Assets.xcassets */ = {isa = PBXFileReference; lastKnownFileType = folder.assetcatalog; path = Assets.xcassets; sourceTree = "<group>"; };
		CD6EA11D2367C49D00181D7A /* Base */ = {isa = PBXFileReference; lastKnownFileType = file.storyboard; name = Base; path = Base.lproj/LaunchScreen.storyboard; sourceTree = "<group>"; };
		CD6EA11F2367C49D00181D7A /* Info.plist */ = {isa = PBXFileReference; lastKnownFileType = text.plist.xml; path = Info.plist; sourceTree = "<group>"; };
		CD6EA1252367C62D00181D7A /* StringTracker.swift */ = {isa = PBXFileReference; lastKnownFileType = sourcecode.swift; path = StringTracker.swift; sourceTree = "<group>"; };
		CD6EA1272367C67700181D7A /* Character+Similar.swift */ = {isa = PBXFileReference; lastKnownFileType = sourcecode.swift; path = "Character+Similar.swift"; sourceTree = "<group>"; };
		CD6EA1292367C70F00181D7A /* String+GiftCard.swift */ = {isa = PBXFileReference; lastKnownFileType = sourcecode.swift; path = "String+GiftCard.swift"; sourceTree = "<group>"; };
/* End PBXFileReference section */

/* Begin PBXFrameworksBuildPhase section */
		CD6EA10B2367C49B00181D7A /* Frameworks */ = {
			isa = PBXFrameworksBuildPhase;
			buildActionMask = 2147483647;
			files = (
			);
			runOnlyForDeploymentPostprocessing = 0;
		};
/* End PBXFrameworksBuildPhase section */

/* Begin PBXGroup section */
		CD6EA1052367C49B00181D7A = {
			isa = PBXGroup;
			children = (
				CD6EA1102367C49B00181D7A /* GiftCardReader */,
				CD6EA10F2367C49B00181D7A /* Products */,
			);
			sourceTree = "<group>";
		};
		CD6EA10F2367C49B00181D7A /* Products */ = {
			isa = PBXGroup;
			children = (
				CD6EA10E2367C49B00181D7A /* GiftCardReader.app */,
			);
			name = Products;
			sourceTree = "<group>";
		};
		CD6EA1102367C49B00181D7A /* GiftCardReader */ = {
			isa = PBXGroup;
			children = (
				CD6EA1112367C49B00181D7A /* AppDelegate.swift */,
				CD6EA1132367C49B00181D7A /* art.scnassets */,
				CD6EA1152367C49B00181D7A /* ViewController.swift */,
				CD6EA1252367C62D00181D7A /* StringTracker.swift */,
				CD6EA1272367C67700181D7A /* Character+Similar.swift */,
				CD6EA1292367C70F00181D7A /* String+GiftCard.swift */,
				CD6EA1172367C49B00181D7A /* Main.storyboard */,
				CD6EA11A2367C49D00181D7A /* Assets.xcassets */,
				CD6EA11C2367C49D00181D7A /* LaunchScreen.storyboard */,
				CD6EA11F2367C49D00181D7A /* Info.plist */,
			);
			path = GiftCardReader;
			sourceTree = "<group>";
		};
/* End PBXGroup section */

/* Begin PBXNativeTarget section */
		CD6EA10D2367C49B00181D7A /* GiftCardReader */ = {
			isa = PBXNativeTarget;
			buildConfigurationList = CD6EA1222367C49D00181D7A /* Build configuration list for PBXNativeTarget "GiftCardReader" */;
			buildPhases = (
				CD6EA10A2367C49B00181D7A /* Sources */,
				CD6EA10B2367C49B00181D7A /* Frameworks */,
				CD6EA10C2367C49B00181D7A /* Resources */,
			);
			buildRules = (
			);
			dependencies = (
			);
			name = GiftCardReader;
			productName = GiftCardReader;
			productReference = CD6EA10E2367C49B00181D7A /* GiftCardReader.app */;
			productType = "com.apple.product-type.application";
		};
/* End PBXNativeTarget section */

/* Begin PBXProject section */
		CD6EA1062367C49B00181D7A /* Project object */ = {
			isa = PBXProject;
			attributes = {
				LastSwiftUpdateCheck = 1100;
				LastUpgradeCheck = 1100;
				ORGANIZATIONNAME = "B Gay";
				TargetAttributes = {
					CD6EA10D2367C49B00181D7A = {
						CreatedOnToolsVersion = 11.0;
					};
				};
			};
			buildConfigurationList = CD6EA1092367C49B00181D7A /* Build configuration list for PBXProject "GiftCardReader" */;
			compatibilityVersion = "Xcode 9.3";
			developmentRegion = en;
			hasScannedForEncodings = 0;
			knownRegions = (
				en,
				Base,
			);
			mainGroup = CD6EA1052367C49B00181D7A;
			productRefGroup = CD6EA10F2367C49B00181D7A /* Products */;
			projectDirPath = "";
			projectRoot = "";
			targets = (
				CD6EA10D2367C49B00181D7A /* GiftCardReader */,
			);
		};
/* End PBXProject section */

/* Begin PBXResourcesBuildPhase section */
		CD6EA10C2367C49B00181D7A /* Resources */ = {
			isa = PBXResourcesBuildPhase;
			buildActionMask = 2147483647;
			files = (
				CD6EA1142367C49B00181D7A /* art.scnassets in Resources */,
				CD6EA11E2367C49D00181D7A /* LaunchScreen.storyboard in Resources */,
				CD6EA11B2367C49D00181D7A /* Assets.xcassets in Resources */,
				CD6EA1192367C49B00181D7A /* Main.storyboard in Resources */,
			);
			runOnlyForDeploymentPostprocessing = 0;
		};
/* End PBXResourcesBuildPhase section */

/* Begin PBXSourcesBuildPhase section */
		CD6EA10A2367C49B00181D7A /* Sources */ = {
			isa = PBXSourcesBuildPhase;
			buildActionMask = 2147483647;
			files = (
				CD6EA1162367C49B00181D7A /* ViewController.swift in Sources */,
				CD6EA1262367C62D00181D7A /* StringTracker.swift in Sources */,
				CD6EA1122367C49B00181D7A /* AppDelegate.swift in Sources */,
				CD6EA12A2367C70F00181D7A /* String+GiftCard.swift in Sources */,
				CD6EA1282367C67700181D7A /* Character+Similar.swift in Sources */,
			);
			runOnlyForDeploymentPostprocessing = 0;
		};
/* End PBXSourcesBuildPhase section */

/* Begin PBXVariantGroup section */
		CD6EA1172367C49B00181D7A /* Main.storyboard */ = {
			isa = PBXVariantGroup;
			children = (
				CD6EA1182367C49B00181D7A /* Base */,
			);
			name = Main.storyboard;
			sourceTree = "<group>";
		};
		CD6EA11C2367C49D00181D7A /* LaunchScreen.storyboard */ = {
			isa = PBXVariantGroup;
			children = (
				CD6EA11D2367C49D00181D7A /* Base */,
			);
			name = LaunchScreen.storyboard;
			sourceTree = "<group>";
		};
/* End PBXVariantGroup section */

/* Begin XCBuildConfiguration section */
		CD6EA1202367C49D00181D7A /* Debug */ = {
			isa = XCBuildConfiguration;
			buildSettings = {
				ALWAYS_SEARCH_USER_PATHS = NO;
				CLANG_ANALYZER_NONNULL = YES;
				CLANG_ANALYZER_NUMBER_OBJECT_CONVERSION = YES_AGGRESSIVE;
				CLANG_CXX_LANGUAGE_STANDARD = "gnu++14";
				CLANG_CXX_LIBRARY = "libc++";
				CLANG_ENABLE_MODULES = YES;
				CLANG_ENABLE_OBJC_ARC = YES;
				CLANG_ENABLE_OBJC_WEAK = YES;
				CLANG_WARN_BLOCK_CAPTURE_AUTORELEASING = YES;
				CLANG_WARN_BOOL_CONVERSION = YES;
				CLANG_WARN_COMMA = YES;
				CLANG_WARN_CONSTANT_CONVERSION = YES;
				CLANG_WARN_DEPRECATED_OBJC_IMPLEMENTATIONS = YES;
				CLANG_WARN_DIRECT_OBJC_ISA_USAGE = YES_ERROR;
				CLANG_WARN_DOCUMENTATION_COMMENTS = YES;
				CLANG_WARN_EMPTY_BODY = YES;
				CLANG_WARN_ENUM_CONVERSION = YES;
				CLANG_WARN_INFINITE_RECURSION = YES;
				CLANG_WARN_INT_CONVERSION = YES;
				CLANG_WARN_NON_LITERAL_NULL_CONVERSION = YES;
				CLANG_WARN_OBJC_IMPLICIT_RETAIN_SELF = YES;
				CLANG_WARN_OBJC_LITERAL_CONVERSION = YES;
				CLANG_WARN_OBJC_ROOT_CLASS = YES_ERROR;
				CLANG_WARN_RANGE_LOOP_ANALYSIS = YES;
				CLANG_WARN_STRICT_PROTOTYPES = YES;
				CLANG_WARN_SUSPICIOUS_MOVE = YES;
				CLANG_WARN_UNGUARDED_AVAILABILITY = YES_AGGRESSIVE;
				CLANG_WARN_UNREACHABLE_CODE = YES;
				CLANG_WARN__DUPLICATE_METHOD_MATCH = YES;
				COPY_PHASE_STRIP = NO;
				DEBUG_INFORMATION_FORMAT = dwarf;
				ENABLE_STRICT_OBJC_MSGSEND = YES;
				ENABLE_TESTABILITY = YES;
				GCC_C_LANGUAGE_STANDARD = gnu11;
				GCC_DYNAMIC_NO_PIC = NO;
				GCC_NO_COMMON_BLOCKS = YES;
				GCC_OPTIMIZATION_LEVEL = 0;
				GCC_PREPROCESSOR_DEFINITIONS = (
					"DEBUG=1",
					"$(inherited)",
				);
				GCC_WARN_64_TO_32_BIT_CONVERSION = YES;
				GCC_WARN_ABOUT_RETURN_TYPE = YES_ERROR;
				GCC_WARN_UNDECLARED_SELECTOR = YES;
				GCC_WARN_UNINITIALIZED_AUTOS = YES_AGGRESSIVE;
				GCC_WARN_UNUSED_FUNCTION = YES;
				GCC_WARN_UNUSED_VARIABLE = YES;
				IPHONEOS_DEPLOYMENT_TARGET = 13.0;
				MTL_ENABLE_DEBUG_INFO = INCLUDE_SOURCE;
				MTL_FAST_MATH = YES;
				ONLY_ACTIVE_ARCH = YES;
				SDKROOT = iphoneos;
				SWIFT_ACTIVE_COMPILATION_CONDITIONS = DEBUG;
				SWIFT_OPTIMIZATION_LEVEL = "-Onone";
			};
			name = Debug;
		};
		CD6EA1212367C49D00181D7A /* Release */ = {
			isa = XCBuildConfiguration;
			buildSettings = {
				ALWAYS_SEARCH_USER_PATHS = NO;
				CLANG_ANALYZER_NONNULL = YES;
				CLANG_ANALYZER_NUMBER_OBJECT_CONVERSION = YES_AGGRESSIVE;
				CLANG_CXX_LANGUAGE_STANDARD = "gnu++14";
				CLANG_CXX_LIBRARY = "libc++";
				CLANG_ENABLE_MODULES = YES;
				CLANG_ENABLE_OBJC_ARC = YES;
				CLANG_ENABLE_OBJC_WEAK = YES;
				CLANG_WARN_BLOCK_CAPTURE_AUTORELEASING = YES;
				CLANG_WARN_BOOL_CONVERSION = YES;
				CLANG_WARN_COMMA = YES;
				CLANG_WARN_CONSTANT_CONVERSION = YES;
				CLANG_WARN_DEPRECATED_OBJC_IMPLEMENTATIONS = YES;
				CLANG_WARN_DIRECT_OBJC_ISA_USAGE = YES_ERROR;
				CLANG_WARN_DOCUMENTATION_COMMENTS = YES;
				CLANG_WARN_EMPTY_BODY = YES;
				CLANG_WARN_ENUM_CONVERSION = YES;
				CLANG_WARN_INFINITE_RECURSION = YES;
				CLANG_WARN_INT_CONVERSION = YES;
				CLANG_WARN_NON_LITERAL_NULL_CONVERSION = YES;
				CLANG_WARN_OBJC_IMPLICIT_RETAIN_SELF = YES;
				CLANG_WARN_OBJC_LITERAL_CONVERSION = YES;
				CLANG_WARN_OBJC_ROOT_CLASS = YES_ERROR;
				CLANG_WARN_RANGE_LOOP_ANALYSIS = YES;
				CLANG_WARN_STRICT_PROTOTYPES = YES;
				CLANG_WARN_SUSPICIOUS_MOVE = YES;
				CLANG_WARN_UNGUARDED_AVAILABILITY = YES_AGGRESSIVE;
				CLANG_WARN_UNREACHABLE_CODE = YES;
				CLANG_WARN__DUPLICATE_METHOD_MATCH = YES;
				COPY_PHASE_STRIP = NO;
				DEBUG_INFORMATION_FORMAT = "dwarf-with-dsym";
				ENABLE_NS_ASSERTIONS = NO;
				ENABLE_STRICT_OBJC_MSGSEND = YES;
				GCC_C_LANGUAGE_STANDARD = gnu11;
				GCC_NO_COMMON_BLOCKS = YES;
				GCC_WARN_64_TO_32_BIT_CONVERSION = YES;
				GCC_WARN_ABOUT_RETURN_TYPE = YES_ERROR;
				GCC_WARN_UNDECLARED_SELECTOR = YES;
				GCC_WARN_UNINITIALIZED_AUTOS = YES_AGGRESSIVE;
				GCC_WARN_UNUSED_FUNCTION = YES;
				GCC_WARN_UNUSED_VARIABLE = YES;
				IPHONEOS_DEPLOYMENT_TARGET = 13.0;
				MTL_ENABLE_DEBUG_INFO = NO;
				MTL_FAST_MATH = YES;
				SDKROOT = iphoneos;
				SWIFT_COMPILATION_MODE = wholemodule;
				SWIFT_OPTIMIZATION_LEVEL = "-O";
				VALIDATE_PRODUCT = YES;
			};
			name = Release;
		};
		CD6EA1232367C49D00181D7A /* Debug */ = {
			isa = XCBuildConfiguration;
			buildSettings = {
				ASSETCATALOG_COMPILER_APPICON_NAME = AppIcon;
				CODE_SIGN_STYLE = Automatic;
				DEVELOPMENT_TEAM = 8DDUQH2RUD;
				INFOPLIST_FILE = GiftCardReader/Info.plist;
				LD_RUNPATH_SEARCH_PATHS = (
					"$(inherited)",
					"@executable_path/Frameworks",
				);
				PRODUCT_BUNDLE_IDENTIFIER = com.bradgayman.GiftCardReader;
				PRODUCT_NAME = "$(TARGET_NAME)";
				SWIFT_VERSION = 5.0;
				TARGETED_DEVICE_FAMILY = "1,2";
			};
			name = Debug;
		};
		CD6EA1242367C49D00181D7A /* Release */ = {
			isa = XCBuildConfiguration;
			buildSettings = {
				ASSETCATALOG_COMPILER_APPICON_NAME = AppIcon;
				CODE_SIGN_STYLE = Automatic;
				DEVELOPMENT_TEAM = 8DDUQH2RUD;
				INFOPLIST_FILE = GiftCardReader/Info.plist;
				LD_RUNPATH_SEARCH_PATHS = (
					"$(inherited)",
					"@executable_path/Frameworks",
				);
				PRODUCT_BUNDLE_IDENTIFIER = com.bradgayman.GiftCardReader;
				PRODUCT_NAME = "$(TARGET_NAME)";
				SWIFT_VERSION = 5.0;
				TARGETED_DEVICE_FAMILY = "1,2";
			};
			name = Release;
		};
/* End XCBuildConfiguration section */

/* Begin XCConfigurationList section */
		CD6EA1092367C49B00181D7A /* Build configuration list for PBXProject "GiftCardReader" */ = {
			isa = XCConfigurationList;
			buildConfigurations = (
				CD6EA1202367C49D00181D7A /* Debug */,
				CD6EA1212367C49D00181D7A /* Release */,
			);
			defaultConfigurationIsVisible = 0;
			defaultConfigurationName = Release;
		};
		CD6EA1222367C49D00181D7A /* Build configuration list for PBXNativeTarget "GiftCardReader" */ = {
			isa = XCConfigurationList;
			buildConfigurations = (
				CD6EA1232367C49D00181D7A /* Debug */,
				CD6EA1242367C49D00181D7A /* Release */,
			);
			defaultConfigurationIsVisible = 0;
			defaultConfigurationName = Release;
		};
/* End XCConfigurationList section */
	};
	rootObject = CD6EA1062367C49B00181D7A /* Project object */;
}
